
Microsoft Visual Studio Solution File, Format Version 12.00
# Visual Studio Version 17
VisualStudioVersion = 17.7.34009.444
MinimumVisualStudioVersion = 10.0.40219.1
Project("{F184B08F-C81C-45F6-A57F-5ABD9991F28F}") = "Hospital", "Hospital\Hospital.vbproj", "{E8CEBC09-F01E-46E9-B0CC-C99343319AE5}"
EndProject
Global
	GlobalSection(SolutionConfigurationPlatforms) = preSolution
		Debug|Any CPU = Debug|Any CPU
		Release|Any CPU = Release|Any CPU
	EndGlobalSection
	GlobalSection(ProjectConfigurationPlatforms) = postSolution
		{E8CEBC09-F01E-46E9-B0CC-C99343319AE5}.Debug|Any CPU.ActiveCfg = Debug|Any CPU
		{E8CEBC09-F01E-46E9-B0CC-C99343319AE5}.Debug|Any CPU.Build.0 = Debug|Any CPU
		{E8CEBC09-F01E-46E9-B0CC-C99343319AE5}.Release|Any CPU.ActiveCfg = Release|Any CPU
		{E8CEBC09-F01E-46E9-B0CC-C99343319AE5}.Release|Any CPU.Build.0 = Release|Any CPU
	EndGlobalSection
	GlobalSection(SolutionProperties) = preSolution
		HideSolutionNode = FALSE
	EndGlobalSection
	GlobalSection(ExtensibilityGlobals) = postSolution
		SolutionGuid = {2C88158D-367A-41D7-919F-8412343D4AE4}
	EndGlobalSection
EndGlobal
